
Microsoft Visual Studio Solution File, Format Version 12.00
# Visual Studio Version 17
VisualStudioVersion = 17.2.32516.85
MinimumVisualStudioVersion = 10.0.40219.1
Project("{FAE04EC0-301F-11D3-BF4B-00C04F79EFBC}") = "WinProxyTool", "WinProxyTool.csproj", "{1C758EB1-1686-4614-9FAA-CB6AF7D997CB}"
EndProject
Global
	GlobalSection(SolutionConfigurationPlatforms) = preSolution
		Debug|Any CPU = Debug|Any CPU
		Release|Any CPU = Release|Any CPU
	EndGlobalSection
	GlobalSection(ProjectConfigurationPlatforms) = postSolution
		{1C758EB1-1686-4614-9FAA-CB6AF7D997CB}.Debug|Any CPU.ActiveCfg = Debug|Any CPU
		{1C758EB1-1686-4614-9FAA-CB6AF7D997CB}.Debug|Any CPU.Build.0 = Debug|Any CPU
		{1C758EB1-1686-4614-9FAA-CB6AF7D997CB}.Release|Any CPU.ActiveCfg = Release|Any CPU
		{1C758EB1-1686-4614-9FAA-CB6AF7D997CB}.Release|Any CPU.Build.0 = Release|Any CPU
	EndGlobalSection
	GlobalSection(SolutionProperties) = preSolution
		HideSolutionNode = FALSE
	EndGlobalSection
	GlobalSection(ExtensibilityGlobals) = postSolution
		SolutionGuid = {7F8DB7A4-0D93-4BB1-B42E-B5F1C9001003}
	EndGlobalSection
EndGlobal
